{
  "requires": true,
  "lockfileVersion": 1,
  "dependencies": {
    "@types/lodash": {
      "version": "4.14.165",
      "resolved": "https://registry.npmjs.org/@types/lodash/-/lodash-4.14.165.tgz",
      "integrity": "sha512-tjSSOTHhI5mCHTy/OOXYIhi2Wt1qcbHmuXD1Ha7q70CgI/I71afO4XtLb/cVexki1oVYchpul/TOuu3Arcdxrg==",
      "dev": true
    },
    "lodash": {
      "version": "4.17.20",
      "resolved": "https://registry.npmjs.org/lodash/-/lodash-4.17.20.tgz",
      "integrity": "sha512-PlhdFcillOINfeV7Ni6oF1TAEayyZBoZ8bcshTHqOYJYlrqzRK5hagpagky5o4HfCzzd1TRkXPMFq6cKk9rGmA=="
    },
    "prettier": {
      "version": "2.1.2",
      "resolved": "https://registry.npmjs.org/prettier/-/prettier-2.1.2.tgz",
      "integrity": "sha512-16c7K+x4qVlJg9rEbXl7HEGmQyZlG4R9AgP+oHKRMsMsuk8s+ATStlf1NpDqyBI1HpVyfjLOeMhH2LvuNvV5Vg==",
      "dev": true
    },
    "typescript": {
      "version": "3.9.7",
      "resolved": "https://registry.npmjs.org/typescript/-/typescript-3.9.7.tgz",
      "integrity": "sha512-BLbiRkiBzAwsjut4x/dsibSTB6yWpwT5qWmC2OfuCg3GgVQCSgMs4vEctYPhsaGtd0AeuuHMkjZ2h2WG8MSzRw==",
      "dev": true
    },
    "vue": {
      "version": "2.6.12",
      "resolved": "https://registry.npmjs.org/vue/-/vue-2.6.12.tgz",
      "integrity": "sha512-uhmLFETqPPNyuLLbsKz6ioJ4q7AZHzD8ZVFNATNyICSZouqP2Sz0rotWQC8UNBF6VGSCs5abnKJoStA6JbCbfg=="
    },
    "vue-class-component": {
      "version": "7.2.6",
      "resolved": "https://registry.npmjs.org/vue-class-component/-/vue-class-component-7.2.6.tgz",
      "integrity": "sha512-+eaQXVrAm/LldalI272PpDe3+i4mPis0ORiMYxF6Ae4hyuCh15W8Idet7wPUEs4N4YptgFHGys4UrgNQOMyO6w=="
    },
    "vue-property-decorator": {
      "version": "9.0.2",
      "resolved": "https://registry.npmjs.org/vue-property-decorator/-/vue-property-decorator-9.0.2.tgz",
      "integrity": "sha512-mxuJHfUGs/3rUyFj2vykDIvYXCUKBrzhemm7mT8dE9QYTbNA/4qVQ5gwhNCIkKyQc8RQIXQ+0jriqinUDuuU9w=="
    },
    "vue-router": {
      "version": "3.4.9",
      "resolved": "https://registry.npmjs.org/vue-router/-/vue-router-3.4.9.tgz",
      "integrity": "sha512-CGAKWN44RqXW06oC+u4mPgHLQQi2t6vLD/JbGRDAXm0YpMv0bgpKuU5bBd7AvMgfTz9kXVRIWKHqRwGEb8xFkA=="
    },
    "vuex": {
      "version": "3.5.1",
      "resolved": "https://registry.npmjs.org/vuex/-/vuex-3.5.1.tgz",
      "integrity": "sha512-w7oJzmHQs0FM9LXodfskhw9wgKBiaB+totOdb8sNzbTB2KDCEEwEs29NzBZFh/lmEK1t5tDmM1vtsO7ubG1DFw=="
    }
  }
}
